
Microsoft Visual Studio Solution File, Format Version 12.00
# Visual Studio 15
VisualStudioVersion = 15.0.27004.2009
MinimumVisualStudioVersion = 10.0.40219.1
Project("{FAE04EC0-301F-11D3-BF4B-00C04F79EFBC}") = "Northwind OData Proxy", "Northwind OData Proxy\Northwind OData Proxy.csproj", "{D47E513B-9956-4A7C-845B-C582E1D8897E}"
EndProject
Project("{2150E333-8FDC-42A3-9474-1A3956D46DE8}") = "Solution Items", "Solution Items", "{47A95A11-56E1-4E97-981D-F3B40F283C5D}"
	ProjectSection(SolutionItems) = preProject
		applicationHost.xdt = applicationHost.xdt
		Azure Reverse Proxy.md = Azure Reverse Proxy.md
		Northwind.sql = Northwind.sql
		Readme.md = Readme.md
	EndProjectSection
EndProject
Project("{FAE04EC0-301F-11D3-BF4B-00C04F79EFBC}") = "Northwind OData Dapper", "Northwind OData Dapper\Northwind OData Dapper.csproj", "{2FF134EE-0B69-425E-8087-41BF9A90261C}"
EndProject
Project("{FAE04EC0-301F-11D3-BF4B-00C04F79EFBC}") = "Northwind OData EF", "Northwind OData EF\Northwind OData EF.csproj", "{94C25CB7-27DA-4F27-BEAE-BCC3ACB9BCC5}"
EndProject
Project("{FAE04EC0-301F-11D3-BF4B-00C04F79EFBC}") = "Northwind OData Breeze", "Northwind OData Breeze\Northwind OData Breeze.csproj", "{155F2E37-13A7-4E1A-BE21-1C8A1D18880F}"
EndProject
Project("{2150E333-8FDC-42A3-9474-1A3956D46DE8}") = "Client", "Client", "{0534A8B5-D749-47D8-BA38-7C58EB6F4D52}"
EndProject
Project("{FAE04EC0-301F-11D3-BF4B-00C04F79EFBC}") = "Northwind Breeze Sharp Client", "Northwind Breeze Client\Northwind Breeze Sharp Client.csproj", "{AC2162D9-3D09-4DC2-B109-3963BF5CC2E3}"
Project("{FAE04EC0-301F-11D3-BF4B-00C04F79EFBC}") = "Northwind OData Model", "Northwind OData Model\Northwind OData Model.csproj", "{64479B1A-F71D-4F8A-9D7F-BA032E5930F3}"
EndProject
Global
	GlobalSection(SolutionConfigurationPlatforms) = preSolution
		Debug|Any CPU = Debug|Any CPU
		Release|Any CPU = Release|Any CPU
	EndGlobalSection
	GlobalSection(ProjectConfigurationPlatforms) = postSolution
		{D47E513B-9956-4A7C-845B-C582E1D8897E}.Debug|Any CPU.ActiveCfg = Debug|Any CPU
		{D47E513B-9956-4A7C-845B-C582E1D8897E}.Debug|Any CPU.Build.0 = Debug|Any CPU
		{D47E513B-9956-4A7C-845B-C582E1D8897E}.Release|Any CPU.ActiveCfg = Release|Any CPU
		{D47E513B-9956-4A7C-845B-C582E1D8897E}.Release|Any CPU.Build.0 = Release|Any CPU
		{2FF134EE-0B69-425E-8087-41BF9A90261C}.Debug|Any CPU.ActiveCfg = Debug|Any CPU
		{2FF134EE-0B69-425E-8087-41BF9A90261C}.Debug|Any CPU.Build.0 = Debug|Any CPU
		{2FF134EE-0B69-425E-8087-41BF9A90261C}.Release|Any CPU.ActiveCfg = Release|Any CPU
		{2FF134EE-0B69-425E-8087-41BF9A90261C}.Release|Any CPU.Build.0 = Release|Any CPU
		{94C25CB7-27DA-4F27-BEAE-BCC3ACB9BCC5}.Debug|Any CPU.ActiveCfg = Debug|Any CPU
		{94C25CB7-27DA-4F27-BEAE-BCC3ACB9BCC5}.Debug|Any CPU.Build.0 = Debug|Any CPU
		{94C25CB7-27DA-4F27-BEAE-BCC3ACB9BCC5}.Release|Any CPU.ActiveCfg = Release|Any CPU
		{94C25CB7-27DA-4F27-BEAE-BCC3ACB9BCC5}.Release|Any CPU.Build.0 = Release|Any CPU
		{155F2E37-13A7-4E1A-BE21-1C8A1D18880F}.Debug|Any CPU.ActiveCfg = Debug|Any CPU
		{155F2E37-13A7-4E1A-BE21-1C8A1D18880F}.Debug|Any CPU.Build.0 = Debug|Any CPU
		{155F2E37-13A7-4E1A-BE21-1C8A1D18880F}.Release|Any CPU.ActiveCfg = Release|Any CPU
		{155F2E37-13A7-4E1A-BE21-1C8A1D18880F}.Release|Any CPU.Build.0 = Release|Any CPU
		{AC2162D9-3D09-4DC2-B109-3963BF5CC2E3}.Debug|Any CPU.ActiveCfg = Debug|Any CPU
		{AC2162D9-3D09-4DC2-B109-3963BF5CC2E3}.Debug|Any CPU.Build.0 = Debug|Any CPU
		{AC2162D9-3D09-4DC2-B109-3963BF5CC2E3}.Release|Any CPU.ActiveCfg = Release|Any CPU
		{AC2162D9-3D09-4DC2-B109-3963BF5CC2E3}.Release|Any CPU.Build.0 = Release|Any CPU
		{64479B1A-F71D-4F8A-9D7F-BA032E5930F3}.Debug|Any CPU.ActiveCfg = Debug|Any CPU
		{64479B1A-F71D-4F8A-9D7F-BA032E5930F3}.Debug|Any CPU.Build.0 = Debug|Any CPU
		{64479B1A-F71D-4F8A-9D7F-BA032E5930F3}.Release|Any CPU.ActiveCfg = Release|Any CPU
		{64479B1A-F71D-4F8A-9D7F-BA032E5930F3}.Release|Any CPU.Build.0 = Release|Any CPU
	EndGlobalSection
	GlobalSection(SolutionProperties) = preSolution
		HideSolutionNode = FALSE
	EndGlobalSection
	GlobalSection(NestedProjects) = preSolution
		{AC2162D9-3D09-4DC2-B109-3963BF5CC2E3} = {0534A8B5-D749-47D8-BA38-7C58EB6F4D52}
	EndGlobalSection
	GlobalSection(ExtensibilityGlobals) = postSolution
		SolutionGuid = {6CE37FC2-6431-46BA-B2D0-66ACA34B275C}
	EndGlobalSection
EndGlobal
